{
  "version": 4,
  "terraform_version": "1.1.4",
  "serial": 5,
  "lineage": "0f81dd4f-49f7-4fe2-0ee0-fffdaeea7f8f",
  "outputs": {},
  "resources": [
    {
      "mode": "managed",
      "type": "azurerm_resource_group",
      "name": "tfstate",
      "provider": "provider[\"registry.terraform.io/hashicorp/azurerm\"]",
      "instances": [
        {
          "schema_version": 0,
          "attributes": {
            "id": "/subscriptions/99276557-2d95-4e1a-9e9c-1b1eeeb257bd/resourceGroups/tfstate",
            "location": "eastus",
            "name": "tfstate",
            "tags": null,
            "timeouts": null
          },
          "sensitive_attributes": [],
          "private": "eyJlMmJmYjczMC1lY2FhLTExZTYtOGY4OC0zNDM2M2JjN2M0YzAiOnsiY3JlYXRlIjo1NDAwMDAwMDAwMDAwLCJkZWxldGUiOjU0MDAwMDAwMDAwMDAsInJlYWQiOjMwMDAwMDAwMDAwMCwidXBkYXRlIjo1NDAwMDAwMDAwMDAwfX0="
        }
      ]
    },
    {
      "mode": "managed",
      "type": "azurerm_storage_account",
      "name": "tfstate",
      "provider": "provider[\"registry.terraform.io/hashicorp/azurerm\"]",
      "instances": [
        {
          "schema_version": 3,
          "attributes": {
            "access_tier": "Hot",
            "account_kind": "StorageV2",
            "account_replication_type": "LRS",
            "account_tier": "Standard",
            "allow_nested_items_to_be_public": true,
            "azure_files_authentication": [],
            "blob_properties": [
              {
                "change_feed_enabled": false,
                "change_feed_retention_in_days": 0,
                "container_delete_retention_policy": [],
                "cors_rule": [],
                "default_service_version": "",
                "delete_retention_policy": [],
                "last_access_time_enabled": false,
                "versioning_enabled": false
              }
            ],
            "cross_tenant_replication_enabled": true,
            "custom_domain": [],
            "customer_managed_key": [],
            "default_to_oauth_authentication": false,
            "edge_zone": "",
            "enable_https_traffic_only": true,
            "id": "/subscriptions/99276557-2d95-4e1a-9e9c-1b1eeeb257bd/resourceGroups/tfstate/providers/Microsoft.Storage/storageAccounts/tfstateqyz07",
            "identity": [],
            "infrastructure_encryption_enabled": false,
            "is_hns_enabled": false,
            "large_file_share_enabled": null,
            "location": "eastus",
            "min_tls_version": "TLS1_2",
            "name": "tfstateqyz07",
            "network_rules": [
              {
                "bypass": [
                  "AzureServices"
                ],
                "default_action": "Allow",
                "ip_rules": [],
                "private_link_access": [],
                "virtual_network_subnet_ids": []
              }
            ],
            "nfsv3_enabled": false,
            "primary_access_key": "QPkXqpvf6imatrjlPdzZf49GNeEDcuf6rhfgQoeICtf2UWQeeA+MhY4TnSlqH2PtFQasUq6fdZfP+ASt/wmSnw==",
            "primary_blob_connection_string": "DefaultEndpointsProtocol=https;BlobEndpoint=https://tfstateqyz07.blob.core.windows.net/;AccountName=tfstateqyz07;AccountKey=QPkXqpvf6imatrjlPdzZf49GNeEDcuf6rhfgQoeICtf2UWQeeA+MhY4TnSlqH2PtFQasUq6fdZfP+ASt/wmSnw==",
            "primary_blob_endpoint": "https://tfstateqyz07.blob.core.windows.net/",
            "primary_blob_host": "tfstateqyz07.blob.core.windows.net",
            "primary_connection_string": "DefaultEndpointsProtocol=https;AccountName=tfstateqyz07;AccountKey=QPkXqpvf6imatrjlPdzZf49GNeEDcuf6rhfgQoeICtf2UWQeeA+MhY4TnSlqH2PtFQasUq6fdZfP+ASt/wmSnw==;EndpointSuffix=core.windows.net",
            "primary_dfs_endpoint": "https://tfstateqyz07.dfs.core.windows.net/",
            "primary_dfs_host": "tfstateqyz07.dfs.core.windows.net",
            "primary_file_endpoint": "https://tfstateqyz07.file.core.windows.net/",
            "primary_file_host": "tfstateqyz07.file.core.windows.net",
            "primary_location": "eastus",
            "primary_queue_endpoint": "https://tfstateqyz07.queue.core.windows.net/",
            "primary_queue_host": "tfstateqyz07.queue.core.windows.net",
            "primary_table_endpoint": "https://tfstateqyz07.table.core.windows.net/",
            "primary_table_host": "tfstateqyz07.table.core.windows.net",
            "primary_web_endpoint": "https://tfstateqyz07.z13.web.core.windows.net/",
            "primary_web_host": "tfstateqyz07.z13.web.core.windows.net",
            "public_network_access_enabled": true,
            "queue_encryption_key_type": "Service",
            "queue_properties": [
              {
                "cors_rule": [],
                "hour_metrics": [
                  {
                    "enabled": true,
                    "include_apis": true,
                    "retention_policy_days": 7,
                    "version": "1.0"
                  }
                ],
                "logging": [
                  {
                    "delete": false,
                    "read": false,
                    "retention_policy_days": 0,
                    "version": "1.0",
                    "write": false
                  }
                ],
                "minute_metrics": [
                  {
                    "enabled": false,
                    "include_apis": false,
                    "retention_policy_days": 0,
                    "version": "1.0"
                  }
                ]
              }
            ],
            "resource_group_name": "tfstate",
            "routing": [],
            "secondary_access_key": "CEDUBAC6GK7EM+OxgX+QsPpyw7i6CgvTeZveSkNaWnpBex+ALyCCgKB/7qDzx3geleGANywcbFQi+AStoQ1Mpg==",
            "secondary_blob_connection_string": "",
            "secondary_blob_endpoint": null,
            "secondary_blob_host": null,
            "secondary_connection_string": "DefaultEndpointsProtocol=https;AccountName=tfstateqyz07;AccountKey=CEDUBAC6GK7EM+OxgX+QsPpyw7i6CgvTeZveSkNaWnpBex+ALyCCgKB/7qDzx3geleGANywcbFQi+AStoQ1Mpg==;EndpointSuffix=core.windows.net",
            "secondary_dfs_endpoint": null,
            "secondary_dfs_host": null,
            "secondary_file_endpoint": null,
            "secondary_file_host": null,
            "secondary_location": "",
            "secondary_queue_endpoint": null,
            "secondary_queue_host": null,
            "secondary_table_endpoint": null,
            "secondary_table_host": null,
            "secondary_web_endpoint": null,
            "secondary_web_host": null,
            "share_properties": [
              {
                "cors_rule": [],
                "retention_policy": [
                  {
                    "days": 7
                  }
                ],
                "smb": []
              }
            ],
            "shared_access_key_enabled": true,
            "static_website": [],
            "table_encryption_key_type": "Service",
            "tags": {
              "environment": "staging"
            },
            "timeouts": null
          },
          "sensitive_attributes": [],
          "private": "eyJlMmJmYjczMC1lY2FhLTExZTYtOGY4OC0zNDM2M2JjN2M0YzAiOnsiY3JlYXRlIjozNjAwMDAwMDAwMDAwLCJkZWxldGUiOjM2MDAwMDAwMDAwMDAsInJlYWQiOjMwMDAwMDAwMDAwMCwidXBkYXRlIjozNjAwMDAwMDAwMDAwfSwic2NoZW1hX3ZlcnNpb24iOiIzIn0=",
          "dependencies": [
            "azurerm_resource_group.tfstate",
            "random_string.resource_code"
          ]
        }
      ]
    },
    {
      "mode": "managed",
      "type": "azurerm_storage_container",
      "name": "tfstate",
      "provider": "provider[\"registry.terraform.io/hashicorp/azurerm\"]",
      "instances": [
        {
          "schema_version": 1,
          "attributes": {
            "container_access_type": "blob",
            "has_immutability_policy": false,
            "has_legal_hold": false,
            "id": "https://tfstateqyz07.blob.core.windows.net/tfstate",
            "metadata": {},
            "name": "tfstate",
            "resource_manager_id": "/subscriptions/99276557-2d95-4e1a-9e9c-1b1eeeb257bd/resourceGroups/tfstate/providers/Microsoft.Storage/storageAccounts/tfstateqyz07/blobServices/default/containers/tfstate",
            "storage_account_name": "tfstateqyz07",
            "timeouts": null
          },
          "sensitive_attributes": [],
          "private": "eyJlMmJmYjczMC1lY2FhLTExZTYtOGY4OC0zNDM2M2JjN2M0YzAiOnsiY3JlYXRlIjoxODAwMDAwMDAwMDAwLCJkZWxldGUiOjE4MDAwMDAwMDAwMDAsInJlYWQiOjMwMDAwMDAwMDAwMCwidXBkYXRlIjoxODAwMDAwMDAwMDAwfSwic2NoZW1hX3ZlcnNpb24iOiIxIn0=",
          "dependencies": [
            "azurerm_resource_group.tfstate",
            "azurerm_storage_account.tfstate",
            "random_string.resource_code"
          ]
        }
      ]
    },
    {
      "mode": "managed",
      "type": "random_string",
      "name": "resource_code",
      "provider": "provider[\"registry.terraform.io/hashicorp/random\"]",
      "instances": [
        {
          "schema_version": 2,
          "attributes": {
            "id": "qyz07",
            "keepers": null,
            "length": 5,
            "lower": true,
            "min_lower": 0,
            "min_numeric": 0,
            "min_special": 0,
            "min_upper": 0,
            "number": true,
            "numeric": true,
            "override_special": null,
            "result": "qyz07",
            "special": false,
            "upper": false
          },
          "sensitive_attributes": []
        }
      ]
    }
  ]
}
